{
  "lockfile_version": "1",
  "packages": {
    "git@latest": {
      "last_modified": "2026-10-07T09:43:42Z",
      "resolved": "github:NixOS/nixpkgs/39ad350a0602fa0a58a544344e3e9187526ea45c#git",
      "source": "devbox-search",
      "version": "2.55.0",
      "systems": {
        "aarch64-darwin": {
          "outputs": [
            {
              "name": "out",
              "path": "/nix/store/gw7c7m0dwca5lg4152x9lpmxpj171bzw-git-2.55.0",
              "default": true
            },
            {
              "name": "doc",
              "path": "/nix/store/0f4p7kbl8hsdvynpk8n951bcbdx7qn3j-git-2.55.0-doc"
            }
          ],
          "store_path": "/nix/store/gw7c7m0dwca5lg4152x9lpmxpj171bzw-git-2.55.0"
        },
        "aarch64-linux": {
          "outputs": [
            {
              "name": "out",
              "path": "/nix/store/kj6aff4gmz3snpp35rl3gysbl9srd81a-git-2.55.0",
              "default": true
            },
            {
              "name": "debug",
              "path": "/nix/store/8l21kawpzlskyby6dhkjmdyamp34irpv-git-2.55.0-debug"
            },
            {
              "name": "doc",
              "path": "/nix/store/gzjmfgd110655anwlnj6qlj5ws8vacn2-git-2.55.0-doc"
            }
          ],
          "store_path": "/nix/store/kj6aff4gmz3snpp35rl3gysbl9srd81a-git-2.55.0"
        },
        "x86_64-linux": {
          "outputs": [
            {
              "name": "out",
              "path": "/nix/store/lg46w7hrjx7kylsh6645c9l975i8h43b-git-2.55.0",
              "default": true
            },
            {
              "name": "debug",
              "path": "/nix/store/jfnrrjgvhv0la9dpzb1yxg8bx2gf9aii-git-2.55.0-debug"
            },
            {
              "name": "doc",
              "path": "/nix/store/5f39kd6g3irac28rgk89yqwaamaj01rx-git-2.55.0-doc"
            }
          ],
          "store_path": "/nix/store/lg46w7hrjx7kylsh6645c9l975i8h43b-git-2.55.0"
        }
      }
    },
    "github:NixOS/nixpkgs/nixpkgs-unstable": {
      "last_modified": "2026-10-07T09:43:42Z",
      "resolved": "github:NixOS/nixpkgs/39ad350a0602fa0a58a544344e3e9187526ea45c?lastModified=1791366222&narHash=sha256-o0N4g6uSOIppU7CGToNvGlMf5vC%2BB6O6ukFHKY%2FTKOY%3D"
    },
    "hugo@0.145.0": {
      "last_modified": "2025-03-23T05:31:05Z",
      "resolved": "github:NixOS/nixpkgs/dd613136ee91f67e5dba3f3f41ac99ae89c5406b#hugo",
      "source": "devbox-search",
      "version": "0.145.0",
      "systems": {
        "aarch64-darwin": {
          "outputs": [
            {
              "name": "out",
              "path": "/nix/store/xsz57dr37w8zkf3vzh80cmkcf3s2r3q7-hugo-0.145.0",
              "default": true
            }
          ],
          "store_path": "/nix/store/xsz57dr37w8zkf3vzh80cmkcf3s2r3q7-hugo-0.145.0"
        },
        "aarch64-linux": {
          "outputs": [
            {
              "name": "out",
              "path": "/nix/store/rk3lzll69hh196h4sr2ghbvs4n5qzjd2-hugo-0.145.0",
              "default": true
            }
          ],
          "store_path": "/nix/store/rk3lzll69hh196h4sr2ghbvs4n5qzjd2-hugo-0.145.0"
        },
        "x86_64-darwin": {
          "outputs": [
            {
              "name": "out",
              "path": "/nix/store/7dcl3rqhx1fbpx9n4zcxfgaldj3ykw8m-hugo-0.145.0",
              "default": true
            }
          ],
          "store_path": "/nix/store/7dcl3rqhx1fbpx9n4zcxfgaldj3ykw8m-hugo-0.145.0"
        },
        "x86_64-linux": {
          "outputs": [
            {
              "name": "out",
              "path": "/nix/store/jq24aijwi1jkcmq1gv5f7ry4nyj7zk6f-hugo-0.145.0",
              "default": true
            }
          ],
          "store_path": "/nix/store/jq24aijwi1jkcmq1gv5f7ry4nyj7zk6f-hugo-0.145.0"
        }
      }
    },
    "just@latest": {
      "last_modified": "2026-10-07T09:43:42Z",
      "resolved": "github:NixOS/nixpkgs/39ad350a0602fa0a58a544344e3e9187526ea45c#just",
      "source": "devbox-search",
      "version": "1.58.0",
      "systems": {
        "aarch64-darwin": {
          "outputs": [
            {
              "name": "out",
              "path": "/nix/store/7myigx4c7gvdmy66z82v4gsca1y6rcsg-just-1.58.0",
              "default": true
            },
            {
              "name": "man",
              "path": "/nix/store/ndglr8n0wkxk0qpjrfazxmz3kgpypwby-just-1.58.0-man",
              "default": true
            },
            {
              "name": "doc",
              "path": "/nix/store/z45ags4638k33f3d6lla74jfxampk9y7-just-1.58.0-doc"
            }
          ],
          "store_path": "/nix/store/7myigx4c7gvdmy66z82v4gsca1y6rcsg-just-1.58.0"
        },
        "aarch64-linux": {
          "outputs": [
            {
              "name": "out",
              "path": "/nix/store/6byz8zyiqvnj7kn3kadfdks3if6sb37k-just-1.58.0",
              "default": true
            },
            {
              "name": "man",
              "path": "/nix/store/0ih4iwq1rslhr6igk1m5h7rj9bpn7qh8-just-1.58.0-man",
              "default": true
            },
            {
              "name": "doc",
              "path": "/nix/store/w5xq1nrfdsyazp0zdjs8ks581ryqlw4v-just-1.58.0-doc"
            }
          ],
          "store_path": "/nix/store/6byz8zyiqvnj7kn3kadfdks3if6sb37k-just-1.58.0"
        },
        "x86_64-linux": {
          "outputs": [
            {
              "name": "out",
              "path": "/nix/store/qgliqnslmd0pgxar92s306ipxz5vdxx2-just-1.58.0",
              "default": true
            },
            {
              "name": "man",
              "path": "/nix/store/z0dsrhyy9d04c6sr75s9sjn2hnjaxhl3-just-1.58.0-man",
              "default": true
            },
            {
              "name": "doc",
              "path": "/nix/store/dpy7p6cx6mq4xn0hh16507gd9fz7nl32-just-1.58.0-doc"
            }
          ],
          "store_path": "/nix/store/qgliqnslmd0pgxar92s306ipxz5vdxx2-just-1.58.0"
        }
      }
    }
  }
}
